
Microsoft Visual Studio Solution File, Format Version 12.00
# Visual Studio Version 17
VisualStudioVersion = 17.0.31903.59
MinimumVisualStudioVersion = 10.0.40219.1
Project("{2150E333-8FDC-42A3-9474-1A3956D46DE8}") = "src", "src", "{B0EDE01F-E394-4530-8CEA-94DF4EA75918}"
EndProject
Project("{FAE04EC0-301F-11D3-BF4B-00C04F79EFBC}") = "IsonGraph", "src\IsonGraph\IsonGraph.csproj", "{E464D210-AC08-4902-A307-3814FCC60A68}"
EndProject
Project("{2150E333-8FDC-42A3-9474-1A3956D46DE8}") = "tests", "tests", "{585B1B7A-AEBE-4FEB-B6B3-B7EDB29DC278}"
EndProject
Project("{FAE04EC0-301F-11D3-BF4B-00C04F79EFBC}") = "IsonGraph.Tests", "tests\IsonGraph.Tests\IsonGraph.Tests.csproj", "{C4F8FB2A-5E6F-4F77-B10B-8866A1131A54}"
EndProject
Global
	GlobalSection(SolutionConfigurationPlatforms) = preSolution
		Debug|Any CPU = Debug|Any CPU
		Release|Any CPU = Release|Any CPU
	EndGlobalSection
	GlobalSection(SolutionProperties) = preSolution
		HideSolutionNode = FALSE
	EndGlobalSection
	GlobalSection(ProjectConfigurationPlatforms) = postSolution
		{E464D210-AC08-4902-A307-3814FCC60A68}.Debug|Any CPU.ActiveCfg = Debug|Any CPU
		{E464D210-AC08-4902-A307-3814FCC60A68}.Debug|Any CPU.Build.0 = Debug|Any CPU
		{E464D210-AC08-4902-A307-3814FCC60A68}.Release|Any CPU.ActiveCfg = Release|Any CPU
		{E464D210-AC08-4902-A307-3814FCC60A68}.Release|Any CPU.Build.0 = Release|Any CPU
		{C4F8FB2A-5E6F-4F77-B10B-8866A1131A54}.Debug|Any CPU.ActiveCfg = Debug|Any CPU
		{C4F8FB2A-5E6F-4F77-B10B-8866A1131A54}.Debug|Any CPU.Build.0 = Debug|Any CPU
		{C4F8FB2A-5E6F-4F77-B10B-8866A1131A54}.Release|Any CPU.ActiveCfg = Release|Any CPU
		{C4F8FB2A-5E6F-4F77-B10B-8866A1131A54}.Release|Any CPU.Build.0 = Release|Any CPU
	EndGlobalSection
	GlobalSection(NestedProjects) = preSolution
		{E464D210-AC08-4902-A307-3814FCC60A68} = {B0EDE01F-E394-4530-8CEA-94DF4EA75918}
		{C4F8FB2A-5E6F-4F77-B10B-8866A1131A54} = {585B1B7A-AEBE-4FEB-B6B3-B7EDB29DC278}
	EndGlobalSection
EndGlobal
